
Microsoft Visual Studio Solution File, Format Version 12.00
# Visual Studio Version 16
VisualStudioVersion = 16.0.29911.84
MinimumVisualStudioVersion = 10.0.40219.1
Project("{FAE04EC0-301F-11D3-BF4B-00C04F79EFBC}") = "AsynchronousProgramming", "AsynchronousProgramming\AsynchronousProgramming.csproj", "{03D8740D-D66C-4D4B-9C76-97EC0626CB91}"
EndProject
Global
	GlobalSection(SolutionConfigurationPlatforms) = preSolution
		Debug|Any CPU = Debug|Any CPU
		Release|Any CPU = Release|Any CPU
	EndGlobalSection
	GlobalSection(ProjectConfigurationPlatforms) = postSolution
		{03D8740D-D66C-4D4B-9C76-97EC0626CB91}.Debug|Any CPU.ActiveCfg = Debug|Any CPU
		{03D8740D-D66C-4D4B-9C76-97EC0626CB91}.Debug|Any CPU.Build.0 = Debug|Any CPU
		{03D8740D-D66C-4D4B-9C76-97EC0626CB91}.Release|Any CPU.ActiveCfg = Release|Any CPU
		{03D8740D-D66C-4D4B-9C76-97EC0626CB91}.Release|Any CPU.Build.0 = Release|Any CPU
	EndGlobalSection
	GlobalSection(SolutionProperties) = preSolution
		HideSolutionNode = FALSE
	EndGlobalSection
	GlobalSection(ExtensibilityGlobals) = postSolution
		SolutionGuid = {A51FBBCC-CC78-481F-BF81-1B3678DD856D}
	EndGlobalSection
EndGlobal
